
Microsoft Visual Studio Solution File, Format Version 12.00
# Visual Studio Version 16
VisualStudioVersion = 16.0.31605.320
MinimumVisualStudioVersion = 10.0.40219.1
Project("{FAE04EC0-301F-11D3-BF4B-00C04F79EFBC}") = "ZealEducation", "ZealEducation\ZealEducation.csproj", "{E6C87AB8-1EB6-4AF9-95B6-4FD8007E3887}"
EndProject
Project("{FAE04EC0-301F-11D3-BF4B-00C04F79EFBC}") = "DataAccess", "DataAccess\DataAccess.csproj", "{A6977958-90AF-4F1B-B988-EE8C0EDF95B9}"
EndProject
Global
	GlobalSection(SolutionConfigurationPlatforms) = preSolution
		Debug|Any CPU = Debug|Any CPU
		Release|Any CPU = Release|Any CPU
	EndGlobalSection
	GlobalSection(ProjectConfigurationPlatforms) = postSolution
		{E6C87AB8-1EB6-4AF9-95B6-4FD8007E3887}.Debug|Any CPU.ActiveCfg = Debug|Any CPU
		{E6C87AB8-1EB6-4AF9-95B6-4FD8007E3887}.Debug|Any CPU.Build.0 = Debug|Any CPU
		{E6C87AB8-1EB6-4AF9-95B6-4FD8007E3887}.Release|Any CPU.ActiveCfg = Release|Any CPU
		{E6C87AB8-1EB6-4AF9-95B6-4FD8007E3887}.Release|Any CPU.Build.0 = Release|Any CPU
		{A6977958-90AF-4F1B-B988-EE8C0EDF95B9}.Debug|Any CPU.ActiveCfg = Debug|Any CPU
		{A6977958-90AF-4F1B-B988-EE8C0EDF95B9}.Debug|Any CPU.Build.0 = Debug|Any CPU
		{A6977958-90AF-4F1B-B988-EE8C0EDF95B9}.Release|Any CPU.ActiveCfg = Release|Any CPU
		{A6977958-90AF-4F1B-B988-EE8C0EDF95B9}.Release|Any CPU.Build.0 = Release|Any CPU
	EndGlobalSection
	GlobalSection(SolutionProperties) = preSolution
		HideSolutionNode = FALSE
	EndGlobalSection
	GlobalSection(ExtensibilityGlobals) = postSolution
		SolutionGuid = {6E832473-8B20-42C0-AE8B-162998175508}
	EndGlobalSection
EndGlobal
